// !$*UTF8*$!
{
	archiveVersion = 1;
	classes = {
	};
	objectVersion = 56;
	objects = {

/* Begin PBXBuildFile section */
		603AA1242A3FD337008AF828 /* AppDelegate.swift in Sources */ = {isa = PBXBuildFile; fileRef = 603AA1232A3FD337008AF828 /* AppDelegate.swift */; };
		603AA1262A3FD337008AF828 /* SceneDelegate.swift in Sources */ = {isa = PBXBuildFile; fileRef = 603AA1252A3FD337008AF828 /* SceneDelegate.swift */; };
		603AA12B2A3FD337008AF828 /* Main.storyboard in Resources */ = {isa = PBXBuildFile; fileRef = 603AA1292A3FD337008AF828 /* Main.storyboard */; };
		603AA12D2A3FD339008AF828 /* Assets.xcassets in Resources */ = {isa = PBXBuildFile; fileRef = 603AA12C2A3FD339008AF828 /* Assets.xcassets */; };
		603AA1302A3FD339008AF828 /* LaunchScreen.storyboard in Resources */ = {isa = PBXBuildFile; fileRef = 603AA12E2A3FD339008AF828 /* LaunchScreen.storyboard */; };
		603AA13D2A3FD3A3008AF828 /* Forecast.swift in Sources */ = {isa = PBXBuildFile; fileRef = 603AA13C2A3FD3A3008AF828 /* Forecast.swift */; };
		603AA13F2A3FD3E2008AF828 /* MainViewController.swift in Sources */ = {isa = PBXBuildFile; fileRef = 603AA13E2A3FD3E2008AF828 /* MainViewController.swift */; };
		603AA1422A4470C0008AF828 /* NetworkManager.swift in Sources */ = {isa = PBXBuildFile; fileRef = 603AA1412A4470C0008AF828 /* NetworkManager.swift */; };
		603AA1452A44908D008AF828 /* SpringAnimation in Frameworks */ = {isa = PBXBuildFile; productRef = 603AA1442A44908D008AF828 /* SpringAnimation */; };
		603AA1482A449192008AF828 /* Extension + UIView.swift in Sources */ = {isa = PBXBuildFile; fileRef = 603AA1472A449192008AF828 /* Extension + UIView.swift */; };
		603AA14A2A44A013008AF828 /* CitiesListViewController.swift in Sources */ = {isa = PBXBuildFile; fileRef = 603AA1492A44A013008AF828 /* CitiesListViewController.swift */; };
		603AA14C2A44A9CD008AF828 /* ForecastViewController.swift in Sources */ = {isa = PBXBuildFile; fileRef = 603AA14B2A44A9CD008AF828 /* ForecastViewController.swift */; };
		603AA14E2A44D978008AF828 /* Extension + UITableView.swift in Sources */ = {isa = PBXBuildFile; fileRef = 603AA14D2A44D978008AF828 /* Extension + UITableView.swift */; };
		6063082F2A4884A200C9731F /* Alamofire in Frameworks */ = {isa = PBXBuildFile; productRef = 6063082E2A4884A200C9731F /* Alamofire */; };
		60E9AAAD2A484F5C00C8B75E /* WeekForecastTableViewController.swift in Sources */ = {isa = PBXBuildFile; fileRef = 60E9AAAC2A484F5C00C8B75E /* WeekForecastTableViewController.swift */; };
/* End PBXBuildFile section */

/* Begin PBXFileReference section */
		603AA1202A3FD337008AF828 /* WeatherRoom.app */ = {isa = PBXFileReference; explicitFileType = wrapper.application; includeInIndex = 0; path = WeatherRoom.app; sourceTree = BUILT_PRODUCTS_DIR; };
		603AA1232A3FD337008AF828 /* AppDelegate.swift */ = {isa = PBXFileReference; lastKnownFileType = sourcecode.swift; path = AppDelegate.swift; sourceTree = "<group>"; };
		603AA1252A3FD337008AF828 /* SceneDelegate.swift */ = {isa = PBXFileReference; lastKnownFileType = sourcecode.swift; path = SceneDelegate.swift; sourceTree = "<group>"; };
		603AA12A2A3FD337008AF828 /* Base */ = {isa = PBXFileReference; lastKnownFileType = file.storyboard; name = Base; path = Base.lproj/Main.storyboard; sourceTree = "<group>"; };
		603AA12C2A3FD339008AF828 /* Assets.xcassets */ = {isa = PBXFileReference; lastKnownFileType = folder.assetcatalog; path = Assets.xcassets; sourceTree = "<group>"; };
		603AA12F2A3FD339008AF828 /* Base */ = {isa = PBXFileReference; lastKnownFileType = file.storyboard; name = Base; path = Base.lproj/LaunchScreen.storyboard; sourceTree = "<group>"; };
		603AA1312A3FD339008AF828 /* Info.plist */ = {isa = PBXFileReference; lastKnownFileType = text.plist.xml; path = Info.plist; sourceTree = "<group>"; };
		603AA13C2A3FD3A3008AF828 /* Forecast.swift */ = {isa = PBXFileReference; lastKnownFileType = sourcecode.swift; path = Forecast.swift; sourceTree = "<group>"; };
		603AA13E2A3FD3E2008AF828 /* MainViewController.swift */ = {isa = PBXFileReference; lastKnownFileType = sourcecode.swift; path = MainViewController.swift; sourceTree = "<group>"; };
		603AA1412A4470C0008AF828 /* NetworkManager.swift */ = {isa = PBXFileReference; lastKnownFileType = sourcecode.swift; path = NetworkManager.swift; sourceTree = "<group>"; };
		603AA1472A449192008AF828 /* Extension + UIView.swift */ = {isa = PBXFileReference; lastKnownFileType = sourcecode.swift; path = "Extension + UIView.swift"; sourceTree = "<group>"; };
		603AA1492A44A013008AF828 /* CitiesListViewController.swift */ = {isa = PBXFileReference; lastKnownFileType = sourcecode.swift; path = CitiesListViewController.swift; sourceTree = "<group>"; };
		603AA14B2A44A9CD008AF828 /* ForecastViewController.swift */ = {isa = PBXFileReference; lastKnownFileType = sourcecode.swift; path = ForecastViewController.swift; sourceTree = "<group>"; };
		603AA14D2A44D978008AF828 /* Extension + UITableView.swift */ = {isa = PBXFileReference; lastKnownFileType = sourcecode.swift; path = "Extension + UITableView.swift"; sourceTree = "<group>"; };
		60E9AAAC2A484F5C00C8B75E /* WeekForecastTableViewController.swift */ = {isa = PBXFileReference; lastKnownFileType = sourcecode.swift; path = WeekForecastTableViewController.swift; sourceTree = "<group>"; };
/* End PBXFileReference section */

/* Begin PBXFrameworksBuildPhase section */
		603AA11D2A3FD337008AF828 /* Frameworks */ = {
			isa = PBXFrameworksBuildPhase;
			buildActionMask = 2147483647;
			files = (
				603AA1452A44908D008AF828 /* SpringAnimation in Frameworks */,
				6063082F2A4884A200C9731F /* Alamofire in Frameworks */,
			);
			runOnlyForDeploymentPostprocessing = 0;
		};
/* End PBXFrameworksBuildPhase section */

/* Begin PBXGroup section */
		603AA1172A3FD337008AF828 = {
			isa = PBXGroup;
			children = (
				603AA1222A3FD337008AF828 /* WeatherRoom */,
				603AA1212A3FD337008AF828 /* Products */,
			);
			sourceTree = "<group>";
		};
		603AA1212A3FD337008AF828 /* Products */ = {
			isa = PBXGroup;
			children = (
				603AA1202A3FD337008AF828 /* WeatherRoom.app */,
			);
			name = Products;
			sourceTree = "<group>";
		};
		603AA1222A3FD337008AF828 /* WeatherRoom */ = {
			isa = PBXGroup;
			children = (
				603AA1462A44917F008AF828 /* Extensions */,
				603AA1402A4470A8008AF828 /* Services */,
				603AA13B2A3FD37F008AF828 /* Storyboards */,
				603AA13A2A3FD375008AF828 /* Resources */,
				603AA1392A3FD369008AF828 /* ViewControllers */,
				603AA1382A3FD362008AF828 /* Models */,
				603AA1372A3FD35C008AF828 /* App */,
			);
			path = WeatherRoom;
			sourceTree = "<group>";
		};
		603AA1372A3FD35C008AF828 /* App */ = {
			isa = PBXGroup;
			children = (
				603AA1232A3FD337008AF828 /* AppDelegate.swift */,
				603AA1252A3FD337008AF828 /* SceneDelegate.swift */,
				603AA1312A3FD339008AF828 /* Info.plist */,
			);
			path = App;
			sourceTree = "<group>";
		};
		603AA1382A3FD362008AF828 /* Models */ = {
			isa = PBXGroup;
			children = (
				603AA13C2A3FD3A3008AF828 /* Forecast.swift */,
			);
			path = Models;
			sourceTree = "<group>";
		};
		603AA1392A3FD369008AF828 /* ViewControllers */ = {
			isa = PBXGroup;
			children = (
				603AA13E2A3FD3E2008AF828 /* MainViewController.swift */,
				603AA1492A44A013008AF828 /* CitiesListViewController.swift */,
				603AA14B2A44A9CD008AF828 /* ForecastViewController.swift */,
				60E9AAAC2A484F5C00C8B75E /* WeekForecastTableViewController.swift */,
			);
			path = ViewControllers;
			sourceTree = "<group>";
		};
		603AA13A2A3FD375008AF828 /* Resources */ = {
			isa = PBXGroup;
			children = (
				603AA12C2A3FD339008AF828 /* Assets.xcassets */,
			);
			path = Resources;
			sourceTree = "<group>";
		};
		603AA13B2A3FD37F008AF828 /* Storyboards */ = {
			isa = PBXGroup;
			children = (
				603AA1292A3FD337008AF828 /* Main.storyboard */,
				603AA12E2A3FD339008AF828 /* LaunchScreen.storyboard */,
			);
			path = Storyboards;
			sourceTree = "<group>";
		};
		603AA1402A4470A8008AF828 /* Services */ = {
			isa = PBXGroup;
			children = (
				603AA1412A4470C0008AF828 /* NetworkManager.swift */,
			);
			path = Services;
			sourceTree = "<group>";
		};
		603AA1462A44917F008AF828 /* Extensions */ = {
			isa = PBXGroup;
			children = (
				603AA1472A449192008AF828 /* Extension + UIView.swift */,
				603AA14D2A44D978008AF828 /* Extension + UITableView.swift */,
			);
			path = Extensions;
			sourceTree = "<group>";
		};
/* End PBXGroup section */

/* Begin PBXNativeTarget section */
		603AA11F2A3FD337008AF828 /* WeatherRoom */ = {
			isa = PBXNativeTarget;
			buildConfigurationList = 603AA1342A3FD339008AF828 /* Build configuration list for PBXNativeTarget "WeatherRoom" */;
			buildPhases = (
				603AA11C2A3FD337008AF828 /* Sources */,
				603AA11D2A3FD337008AF828 /* Frameworks */,
				603AA11E2A3FD337008AF828 /* Resources */,
			);
			buildRules = (
			);
			dependencies = (
			);
			name = WeatherRoom;
			packageProductDependencies = (
				603AA1442A44908D008AF828 /* SpringAnimation */,
				6063082E2A4884A200C9731F /* Alamofire */,
			);
			productName = WeatherRoom;
			productReference = 603AA1202A3FD337008AF828 /* WeatherRoom.app */;
			productType = "com.apple.product-type.application";
		};
/* End PBXNativeTarget section */

/* Begin PBXProject section */
		603AA1182A3FD337008AF828 /* Project object */ = {
			isa = PBXProject;
			attributes = {
				BuildIndependentTargetsInParallel = 1;
				LastSwiftUpdateCheck = 1430;
				LastUpgradeCheck = 1430;
				TargetAttributes = {
					603AA11F2A3FD337008AF828 = {
						CreatedOnToolsVersion = 14.3.1;
					};
				};
			};
			buildConfigurationList = 603AA11B2A3FD337008AF828 /* Build configuration list for PBXProject "WeatherRoom" */;
			compatibilityVersion = "Xcode 14.0";
			developmentRegion = en;
			hasScannedForEncodings = 0;
			knownRegions = (
				en,
				Base,
			);
			mainGroup = 603AA1172A3FD337008AF828;
			packageReferences = (
				603AA1432A44908D008AF828 /* XCRemoteSwiftPackageReference "SpringAnimation" */,
				6063082D2A4884A200C9731F /* XCRemoteSwiftPackageReference "Alamofire" */,
			);
			productRefGroup = 603AA1212A3FD337008AF828 /* Products */;
			projectDirPath = "";
			projectRoot = "";
			targets = (
				603AA11F2A3FD337008AF828 /* WeatherRoom */,
			);
		};
/* End PBXProject section */

/* Begin PBXResourcesBuildPhase section */
		603AA11E2A3FD337008AF828 /* Resources */ = {
			isa = PBXResourcesBuildPhase;
			buildActionMask = 2147483647;
			files = (
				603AA1302A3FD339008AF828 /* LaunchScreen.storyboard in Resources */,
				603AA12D2A3FD339008AF828 /* Assets.xcassets in Resources */,
				603AA12B2A3FD337008AF828 /* Main.storyboard in Resources */,
			);
			runOnlyForDeploymentPostprocessing = 0;
		};
/* End PBXResourcesBuildPhase section */

/* Begin PBXSourcesBuildPhase section */
		603AA11C2A3FD337008AF828 /* Sources */ = {
			isa = PBXSourcesBuildPhase;
			buildActionMask = 2147483647;
			files = (
				603AA1242A3FD337008AF828 /* AppDelegate.swift in Sources */,
				603AA13D2A3FD3A3008AF828 /* Forecast.swift in Sources */,
				603AA14E2A44D978008AF828 /* Extension + UITableView.swift in Sources */,
				603AA14A2A44A013008AF828 /* CitiesListViewController.swift in Sources */,
				603AA1482A449192008AF828 /* Extension + UIView.swift in Sources */,
				603AA1422A4470C0008AF828 /* NetworkManager.swift in Sources */,
				603AA14C2A44A9CD008AF828 /* ForecastViewController.swift in Sources */,
				603AA1262A3FD337008AF828 /* SceneDelegate.swift in Sources */,
				60E9AAAD2A484F5C00C8B75E /* WeekForecastTableViewController.swift in Sources */,
				603AA13F2A3FD3E2008AF828 /* MainViewController.swift in Sources */,
			);
			runOnlyForDeploymentPostprocessing = 0;
		};
/* End PBXSourcesBuildPhase section */

/* Begin PBXVariantGroup section */
		603AA1292A3FD337008AF828 /* Main.storyboard */ = {
			isa = PBXVariantGroup;
			children = (
				603AA12A2A3FD337008AF828 /* Base */,
			);
			name = Main.storyboard;
			sourceTree = "<group>";
		};
		603AA12E2A3FD339008AF828 /* LaunchScreen.storyboard */ = {
			isa = PBXVariantGroup;
			children = (
				603AA12F2A3FD339008AF828 /* Base */,
			);
			name = LaunchScreen.storyboard;
			sourceTree = "<group>";
		};
/* End PBXVariantGroup section */

/* Begin XCBuildConfiguration section */
		603AA1322A3FD339008AF828 /* Debug */ = {
			isa = XCBuildConfiguration;
			buildSettings = {
				ALWAYS_SEARCH_USER_PATHS = NO;
				CLANG_ANALYZER_NONNULL = YES;
				CLANG_ANALYZER_NUMBER_OBJECT_CONVERSION = YES_AGGRESSIVE;
				CLANG_CXX_LANGUAGE_STANDARD = "gnu++20";
				CLANG_ENABLE_MODULES = YES;
				CLANG_ENABLE_OBJC_ARC = YES;
				CLANG_ENABLE_OBJC_WEAK = YES;
				CLANG_WARN_BLOCK_CAPTURE_AUTORELEASING = YES;
				CLANG_WARN_BOOL_CONVERSION = YES;
				CLANG_WARN_COMMA = YES;
				CLANG_WARN_CONSTANT_CONVERSION = YES;
				CLANG_WARN_DEPRECATED_OBJC_IMPLEMENTATIONS = YES;
				CLANG_WARN_DIRECT_OBJC_ISA_USAGE = YES_ERROR;
				CLANG_WARN_DOCUMENTATION_COMMENTS = YES;
				CLANG_WARN_EMPTY_BODY = YES;
				CLANG_WARN_ENUM_CONVERSION = YES;
				CLANG_WARN_INFINITE_RECURSION = YES;
				CLANG_WARN_INT_CONVERSION = YES;
				CLANG_WARN_NON_LITERAL_NULL_CONVERSION = YES;
				CLANG_WARN_OBJC_IMPLICIT_RETAIN_SELF = YES;
				CLANG_WARN_OBJC_LITERAL_CONVERSION = YES;
				CLANG_WARN_OBJC_ROOT_CLASS = YES_ERROR;
				CLANG_WARN_QUOTED_INCLUDE_IN_FRAMEWORK_HEADER = YES;
				CLANG_WARN_RANGE_LOOP_ANALYSIS = YES;
				CLANG_WARN_STRICT_PROTOTYPES = YES;
				CLANG_WARN_SUSPICIOUS_MOVE = YES;
				CLANG_WARN_UNGUARDED_AVAILABILITY = YES_AGGRESSIVE;
				CLANG_WARN_UNREACHABLE_CODE = YES;
				CLANG_WARN__DUPLICATE_METHOD_MATCH = YES;
				COPY_PHASE_STRIP = NO;
				DEBUG_INFORMATION_FORMAT = dwarf;
				ENABLE_STRICT_OBJC_MSGSEND = YES;
				ENABLE_TESTABILITY = YES;
				GCC_C_LANGUAGE_STANDARD = gnu11;
				GCC_DYNAMIC_NO_PIC = NO;
				GCC_NO_COMMON_BLOCKS = YES;
				GCC_OPTIMIZATION_LEVEL = 0;
				GCC_PREPROCESSOR_DEFINITIONS = (
					"DEBUG=1",
					"$(inherited)",
				);
				GCC_WARN_64_TO_32_BIT_CONVERSION = YES;
				GCC_WARN_ABOUT_RETURN_TYPE = YES_ERROR;
				GCC_WARN_UNDECLARED_SELECTOR = YES;
				GCC_WARN_UNINITIALIZED_AUTOS = YES_AGGRESSIVE;
				GCC_WARN_UNUSED_FUNCTION = YES;
				GCC_WARN_UNUSED_VARIABLE = YES;
				IPHONEOS_DEPLOYMENT_TARGET = 16.4;
				MTL_ENABLE_DEBUG_INFO = INCLUDE_SOURCE;
				MTL_FAST_MATH = YES;
				ONLY_ACTIVE_ARCH = YES;
				SDKROOT = iphoneos;
				SWIFT_ACTIVE_COMPILATION_CONDITIONS = DEBUG;
				SWIFT_OPTIMIZATION_LEVEL = "-Onone";
			};
			name = Debug;
		};
		603AA1332A3FD339008AF828 /* Release */ = {
			isa = XCBuildConfiguration;
			buildSettings = {
				ALWAYS_SEARCH_USER_PATHS = NO;
				CLANG_ANALYZER_NONNULL = YES;
				CLANG_ANALYZER_NUMBER_OBJECT_CONVERSION = YES_AGGRESSIVE;
				CLANG_CXX_LANGUAGE_STANDARD = "gnu++20";
				CLANG_ENABLE_MODULES = YES;
				CLANG_ENABLE_OBJC_ARC = YES;
				CLANG_ENABLE_OBJC_WEAK = YES;
				CLANG_WARN_BLOCK_CAPTURE_AUTORELEASING = YES;
				CLANG_WARN_BOOL_CONVERSION = YES;
				CLANG_WARN_COMMA = YES;
				CLANG_WARN_CONSTANT_CONVERSION = YES;
				CLANG_WARN_DEPRECATED_OBJC_IMPLEMENTATIONS = YES;
				CLANG_WARN_DIRECT_OBJC_ISA_USAGE = YES_ERROR;
				CLANG_WARN_DOCUMENTATION_COMMENTS = YES;
				CLANG_WARN_EMPTY_BODY = YES;
				CLANG_WARN_ENUM_CONVERSION = YES;
				CLANG_WARN_INFINITE_RECURSION = YES;
				CLANG_WARN_INT_CONVERSION = YES;
				CLANG_WARN_NON_LITERAL_NULL_CONVERSION = YES;
				CLANG_WARN_OBJC_IMPLICIT_RETAIN_SELF = YES;
				CLANG_WARN_OBJC_LITERAL_CONVERSION = YES;
				CLANG_WARN_OBJC_ROOT_CLASS = YES_ERROR;
				CLANG_WARN_QUOTED_INCLUDE_IN_FRAMEWORK_HEADER = YES;
				CLANG_WARN_RANGE_LOOP_ANALYSIS = YES;
				CLANG_WARN_STRICT_PROTOTYPES = YES;
				CLANG_WARN_SUSPICIOUS_MOVE = YES;
				CLANG_WARN_UNGUARDED_AVAILABILITY = YES_AGGRESSIVE;
				CLANG_WARN_UNREACHABLE_CODE = YES;
				CLANG_WARN__DUPLICATE_METHOD_MATCH = YES;
				COPY_PHASE_STRIP = NO;
				DEBUG_INFORMATION_FORMAT = "dwarf-with-dsym";
				ENABLE_NS_ASSERTIONS = NO;
				ENABLE_STRICT_OBJC_MSGSEND = YES;
				GCC_C_LANGUAGE_STANDARD = gnu11;
				GCC_NO_COMMON_BLOCKS = YES;
				GCC_WARN_64_TO_32_BIT_CONVERSION = YES;
				GCC_WARN_ABOUT_RETURN_TYPE = YES_ERROR;
				GCC_WARN_UNDECLARED_SELECTOR = YES;
				GCC_WARN_UNINITIALIZED_AUTOS = YES_AGGRESSIVE;
				GCC_WARN_UNUSED_FUNCTION = YES;
				GCC_WARN_UNUSED_VARIABLE = YES;
				IPHONEOS_DEPLOYMENT_TARGET = 16.4;
				MTL_ENABLE_DEBUG_INFO = NO;
				MTL_FAST_MATH = YES;
				SDKROOT = iphoneos;
				SWIFT_COMPILATION_MODE = wholemodule;
				SWIFT_OPTIMIZATION_LEVEL = "-O";
				VALIDATE_PRODUCT = YES;
			};
			name = Release;
		};
		603AA1352A3FD339008AF828 /* Debug */ = {
			isa = XCBuildConfiguration;
			buildSettings = {
				ASSETCATALOG_COMPILER_APPICON_NAME = AppIcon;
				ASSETCATALOG_COMPILER_GLOBAL_ACCENT_COLOR_NAME = AccentColor;
				CODE_SIGN_STYLE = Automatic;
				CURRENT_PROJECT_VERSION = 1;
				DEVELOPMENT_TEAM = 8596MXNNFG;
				GENERATE_INFOPLIST_FILE = YES;
				INFOPLIST_FILE = WeatherRoom/App/Info.plist;
				INFOPLIST_KEY_UIApplicationSupportsIndirectInputEvents = YES;
				INFOPLIST_KEY_UILaunchStoryboardName = LaunchScreen;
				INFOPLIST_KEY_UIMainStoryboardFile = Main;
				INFOPLIST_KEY_UISupportedInterfaceOrientations = UIInterfaceOrientationPortrait;
				INFOPLIST_KEY_UISupportedInterfaceOrientations_iPad = "UIInterfaceOrientationLandscapeLeft UIInterfaceOrientationLandscapeRight UIInterfaceOrientationPortrait UIInterfaceOrientationPortraitUpsideDown";
				LD_RUNPATH_SEARCH_PATHS = (
					"$(inherited)",
					"@executable_path/Frameworks",
				);
				MARKETING_VERSION = 1.0;
				PRODUCT_BUNDLE_IDENTIFIER = Home.WeatherRoom;
				PRODUCT_NAME = "$(TARGET_NAME)";
				SUPPORTED_PLATFORMS = "iphoneos iphonesimulator";
				SUPPORTS_MACCATALYST = NO;
				SUPPORTS_MAC_DESIGNED_FOR_IPHONE_IPAD = NO;
				SWIFT_EMIT_LOC_STRINGS = YES;
				SWIFT_VERSION = 5.0;
				TARGETED_DEVICE_FAMILY = 1;
			};
			name = Debug;
		};
		603AA1362A3FD339008AF828 /* Release */ = {
			isa = XCBuildConfiguration;
			buildSettings = {
				ASSETCATALOG_COMPILER_APPICON_NAME = AppIcon;
				ASSETCATALOG_COMPILER_GLOBAL_ACCENT_COLOR_NAME = AccentColor;
				CODE_SIGN_STYLE = Automatic;
				CURRENT_PROJECT_VERSION = 1;
				DEVELOPMENT_TEAM = 8596MXNNFG;
				GENERATE_INFOPLIST_FILE = YES;
				INFOPLIST_FILE = WeatherRoom/App/Info.plist;
				INFOPLIST_KEY_UIApplicationSupportsIndirectInputEvents = YES;
				INFOPLIST_KEY_UILaunchStoryboardName = LaunchScreen;
				INFOPLIST_KEY_UIMainStoryboardFile = Main;
				INFOPLIST_KEY_UISupportedInterfaceOrientations = UIInterfaceOrientationPortrait;
				INFOPLIST_KEY_UISupportedInterfaceOrientations_iPad = "UIInterfaceOrientationLandscapeLeft UIInterfaceOrientationLandscapeRight UIInterfaceOrientationPortrait UIInterfaceOrientationPortraitUpsideDown";
				LD_RUNPATH_SEARCH_PATHS = (
					"$(inherited)",
					"@executable_path/Frameworks",
				);
				MARKETING_VERSION = 1.0;
				PRODUCT_BUNDLE_IDENTIFIER = Home.WeatherRoom;
				PRODUCT_NAME = "$(TARGET_NAME)";
				SUPPORTED_PLATFORMS = "iphoneos iphonesimulator";
				SUPPORTS_MACCATALYST = NO;
				SUPPORTS_MAC_DESIGNED_FOR_IPHONE_IPAD = NO;
				SWIFT_EMIT_LOC_STRINGS = YES;
				SWIFT_VERSION = 5.0;
				TARGETED_DEVICE_FAMILY = 1;
			};
			name = Release;
		};
/* End XCBuildConfiguration section */

/* Begin XCConfigurationList section */
		603AA11B2A3FD337008AF828 /* Build configuration list for PBXProject "WeatherRoom" */ = {
			isa = XCConfigurationList;
			buildConfigurations = (
				603AA1322A3FD339008AF828 /* Debug */,
				603AA1332A3FD339008AF828 /* Release */,
			);
			defaultConfigurationIsVisible = 0;
			defaultConfigurationName = Release;
		};
		603AA1342A3FD339008AF828 /* Build configuration list for PBXNativeTarget "WeatherRoom" */ = {
			isa = XCConfigurationList;
			buildConfigurations = (
				603AA1352A3FD339008AF828 /* Debug */,
				603AA1362A3FD339008AF828 /* Release */,
			);
			defaultConfigurationIsVisible = 0;
			defaultConfigurationName = Release;
		};
/* End XCConfigurationList section */

/* Begin XCRemoteSwiftPackageReference section */
		603AA1432A44908D008AF828 /* XCRemoteSwiftPackageReference "SpringAnimation" */ = {
			isa = XCRemoteSwiftPackageReference;
			repositoryURL = "https://github.com/LexDeBash/SpringAnimation";
			requirement = {
				kind = upToNextMinorVersion;
				minimumVersion = 0.3.0;
			};
		};
		6063082D2A4884A200C9731F /* XCRemoteSwiftPackageReference "Alamofire" */ = {
			isa = XCRemoteSwiftPackageReference;
			repositoryURL = "https://github.com/Alamofire/Alamofire.git";
			requirement = {
				kind = exactVersion;
				version = 5.0.0;
			};
		};
/* End XCRemoteSwiftPackageReference section */

/* Begin XCSwiftPackageProductDependency section */
		603AA1442A44908D008AF828 /* SpringAnimation */ = {
			isa = XCSwiftPackageProductDependency;
			package = 603AA1432A44908D008AF828 /* XCRemoteSwiftPackageReference "SpringAnimation" */;
			productName = SpringAnimation;
		};
		6063082E2A4884A200C9731F /* Alamofire */ = {
			isa = XCSwiftPackageProductDependency;
			package = 6063082D2A4884A200C9731F /* XCRemoteSwiftPackageReference "Alamofire" */;
			productName = Alamofire;
		};
/* End XCSwiftPackageProductDependency section */
	};
	rootObject = 603AA1182A3FD337008AF828 /* Project object */;
}
